
Microsoft Visual Studio Solution File, Format Version 12.00
# Visual Studio Version 16
VisualStudioVersion = 16.0.29209.62
MinimumVisualStudioVersion = 10.0.40219.1
Project("{FAE04EC0-301F-11D3-BF4B-00C04F79EFBC}") = "PizzaBestilling", "PizzaBestilling.csproj", "{0C5A9FB5-0402-418E-99D7-24C0D4AB257B}"
EndProject
Global
	GlobalSection(SolutionConfigurationPlatforms) = preSolution
		Debug|Any CPU = Debug|Any CPU
		Release|Any CPU = Release|Any CPU
	EndGlobalSection
	GlobalSection(ProjectConfigurationPlatforms) = postSolution
		{0C5A9FB5-0402-418E-99D7-24C0D4AB257B}.Debug|Any CPU.ActiveCfg = Debug|Any CPU
		{0C5A9FB5-0402-418E-99D7-24C0D4AB257B}.Debug|Any CPU.Build.0 = Debug|Any CPU
		{0C5A9FB5-0402-418E-99D7-24C0D4AB257B}.Release|Any CPU.ActiveCfg = Release|Any CPU
		{0C5A9FB5-0402-418E-99D7-24C0D4AB257B}.Release|Any CPU.Build.0 = Release|Any CPU
	EndGlobalSection
	GlobalSection(SolutionProperties) = preSolution
		HideSolutionNode = FALSE
	EndGlobalSection
	GlobalSection(ExtensibilityGlobals) = postSolution
		SolutionGuid = {06BCFF15-14CC-4DF0-8182-E74D922A6A6B}
	EndGlobalSection
EndGlobal
